
Microsoft Visual Studio Solution File, Format Version 12.00
# Visual Studio Version 16
VisualStudioVersion = 16.0.30523.141
MinimumVisualStudioVersion = 10.0.40219.1
Project("{FAE04EC0-301F-11D3-BF4B-00C04F79EFBC}") = "Pojar_razvan_proiect", "Pojar_razvan_proiect.csproj", "{DD3B1A8B-BDF0-4894-826D-56F2ABEC8E72}"
EndProject
Project("{FAE04EC0-301F-11D3-BF4B-00C04F79EFBC}") = "AutoLotModel", "..\AutoLotModel\AutoLotModel.csproj", "{3B55D267-C8DF-4544-9E35-1332ED7AA049}"
EndProject
Global
	GlobalSection(SolutionConfigurationPlatforms) = preSolution
		Debug|Any CPU = Debug|Any CPU
		Release|Any CPU = Release|Any CPU
	EndGlobalSection
	GlobalSection(ProjectConfigurationPlatforms) = postSolution
		{DD3B1A8B-BDF0-4894-826D-56F2ABEC8E72}.Debug|Any CPU.ActiveCfg = Debug|Any CPU
		{DD3B1A8B-BDF0-4894-826D-56F2ABEC8E72}.Debug|Any CPU.Build.0 = Debug|Any CPU
		{DD3B1A8B-BDF0-4894-826D-56F2ABEC8E72}.Release|Any CPU.ActiveCfg = Release|Any CPU
		{DD3B1A8B-BDF0-4894-826D-56F2ABEC8E72}.Release|Any CPU.Build.0 = Release|Any CPU
		{3B55D267-C8DF-4544-9E35-1332ED7AA049}.Debug|Any CPU.ActiveCfg = Debug|Any CPU
		{3B55D267-C8DF-4544-9E35-1332ED7AA049}.Debug|Any CPU.Build.0 = Debug|Any CPU
		{3B55D267-C8DF-4544-9E35-1332ED7AA049}.Release|Any CPU.ActiveCfg = Release|Any CPU
		{3B55D267-C8DF-4544-9E35-1332ED7AA049}.Release|Any CPU.Build.0 = Release|Any CPU
	EndGlobalSection
	GlobalSection(SolutionProperties) = preSolution
		HideSolutionNode = FALSE
	EndGlobalSection
	GlobalSection(ExtensibilityGlobals) = postSolution
		SolutionGuid = {099B1C85-FA56-48DE-AA54-04F7AF373163}
	EndGlobalSection
EndGlobal
